PODS:
  - Charts (3.3.0):
    - Charts/Core (= 3.3.0)
  - Charts/Core (3.3.0)
  - LaunchAtLogin (2.5.0)

DEPENDENCIES:
  - Charts
  - LaunchAtLogin

SPEC REPOS:
  https://github.com/cocoapods/specs.git:
    - Charts
    - LaunchAtLogin

SPEC CHECKSUMS:
  Charts: ec1f57f9340054155691e84d4544a1d239d382c5
  LaunchAtLogin: 550b0cbbdaf1b13f87a0fab6a3f8e2fbafe067fe

PODFILE CHECKSUM: b73e93f3b5879b0f0bf59fcb6d58288fb63aabc0

COCOAPODS: 1.7.5
