{
  "object": {
    "pins": [
      {
        "package": "Repeat",
        "repositoryURL": "https://github.com/malcommac/Repeat",
        "state": {
          "branch": null,
          "revision": "9df757d0936c15dfd9d01067766fab87e927f838",
          "version": "0.6.0"
        }
      }
    ]
  },
  "version": 1
}
