{
  "object": {
    "pins": [
      {
        "package": "Reachability",
        "repositoryURL": "https://github.com/ashleymills/Reachability.swift",
        "state": {
          "branch": null,
          "revision": "c01bbdf2d633cf049ae1ed1a68a2020a8bda32e2",
          "version": "5.1.0"
        }
      },
      {
        "package": "Repeat",
        "repositoryURL": "https://github.com/malcommac/Repeat",
        "state": {
          "branch": null,
          "revision": "9df757d0936c15dfd9d01067766fab87e927f838",
          "version": "0.6.0"
        }
      }
    ]
  },
  "version": 1
}
