// !$*UTF8*$!
{
	archiveVersion = 1;
	classes = {
	};
	objectVersion = 50;
	objects = {

/* Begin PBXBuildFile section */
		9A09C8A222B3D94D0018426F /* BatteryWidget.swift in Sources */ = {isa = PBXBuildFile; fileRef = 9A09C8A122B3D94D0018426F /* BatteryWidget.swift */; };
		9A1410F9229E721100D29793 /* AppDelegate.swift in Sources */ = {isa = PBXBuildFile; fileRef = 9A1410F8229E721100D29793 /* AppDelegate.swift */; };
		9A141100229E721200D29793 /* Main.storyboard in Resources */ = {isa = PBXBuildFile; fileRef = 9A1410FE229E721200D29793 /* Main.storyboard */; };
		9A2D15D023C77BA300C4C417 /* Repeater.swift in Sources */ = {isa = PBXBuildFile; fileRef = 9A2D15CF23C77BA300C4C417 /* Repeater.swift */; };
		9A2D15D223CCEC7600C4C417 /* Module.swift in Sources */ = {isa = PBXBuildFile; fileRef = 9A2D15D123CCEC7600C4C417 /* Module.swift */; };
		9A2D15D523CCEFF700C4C417 /* CPU.swift in Sources */ = {isa = PBXBuildFile; fileRef = 9A2D15D423CCEFF700C4C417 /* CPU.swift */; };
		9A2D15D723CCFE1B00C4C417 /* CPULoadReader.swift in Sources */ = {isa = PBXBuildFile; fileRef = 9A2D15D623CCFE1B00C4C417 /* CPULoadReader.swift */; };
		9A2D15D923CD036400C4C417 /* CPUMenu.swift in Sources */ = {isa = PBXBuildFile; fileRef = 9A2D15D823CD036400C4C417 /* CPUMenu.swift */; };
		9A2D15DB23CD0B2100C4C417 /* CPUPopup.swift in Sources */ = {isa = PBXBuildFile; fileRef = 9A2D15DA23CD0B2100C4C417 /* CPUPopup.swift */; };
		9A2D15E123CD133300C4C417 /* CPUUsageReader.swift in Sources */ = {isa = PBXBuildFile; fileRef = 9A2D15E023CD133300C4C417 /* CPUUsageReader.swift */; };
		9A2D15E323CD1E4B00C4C417 /* CPUProcessReader.swift in Sources */ = {isa = PBXBuildFile; fileRef = 9A2D15E223CD1E4B00C4C417 /* CPUProcessReader.swift */; };
		9A2D15E623CE291600C4C417 /* RAM.swift in Sources */ = {isa = PBXBuildFile; fileRef = 9A2D15E523CE291600C4C417 /* RAM.swift */; };
		9A2D15E823CE29A400C4C417 /* RAMMenu.swift in Sources */ = {isa = PBXBuildFile; fileRef = 9A2D15E723CE29A400C4C417 /* RAMMenu.swift */; };
		9A2D15EA23CE2C1100C4C417 /* RAMPopup.swift in Sources */ = {isa = PBXBuildFile; fileRef = 9A2D15E923CE2C1100C4C417 /* RAMPopup.swift */; };
		9A2D15EE23CE2EE200C4C417 /* RAMUsageReader.swift in Sources */ = {isa = PBXBuildFile; fileRef = 9A2D15ED23CE2EE200C4C417 /* RAMUsageReader.swift */; };
		9A2D15F023CE32D500C4C417 /* RAMProcessReader.swift in Sources */ = {isa = PBXBuildFile; fileRef = 9A2D15EF23CE32D500C4C417 /* RAMProcessReader.swift */; };
		9A2D15F323CE391300C4C417 /* Disk.swift in Sources */ = {isa = PBXBuildFile; fileRef = 9A2D15F223CE391300C4C417 /* Disk.swift */; };
		9A2D15F523CE393A00C4C417 /* DiskMenu.swift in Sources */ = {isa = PBXBuildFile; fileRef = 9A2D15F423CE393A00C4C417 /* DiskMenu.swift */; };
		9A2D15F723CE3A1200C4C417 /* DiskCapacityReader.swift in Sources */ = {isa = PBXBuildFile; fileRef = 9A2D15F623CE3A1200C4C417 /* DiskCapacityReader.swift */; };
		9A2D15FA23CE3BE600C4C417 /* Battery.swift in Sources */ = {isa = PBXBuildFile; fileRef = 9A2D15F923CE3BE600C4C417 /* Battery.swift */; };
		9A2D15FC23CE3C1A00C4C417 /* BatteryMenu.swift in Sources */ = {isa = PBXBuildFile; fileRef = 9A2D15FB23CE3C1A00C4C417 /* BatteryMenu.swift */; };
		9A2D15FE23CE3DE300C4C417 /* BatteryReader.swift in Sources */ = {isa = PBXBuildFile; fileRef = 9A2D15FD23CE3DE300C4C417 /* BatteryReader.swift */; };
		9A2D160023CE40DE00C4C417 /* BatteryPopup.swift in Sources */ = {isa = PBXBuildFile; fileRef = 9A2D15FF23CE40DE00C4C417 /* BatteryPopup.swift */; };
		9A2D160323CE445900C4C417 /* Network.swift in Sources */ = {isa = PBXBuildFile; fileRef = 9A2D160223CE445900C4C417 /* Network.swift */; };
		9A2D160523CE451B00C4C417 /* NetworkMenu.swift in Sources */ = {isa = PBXBuildFile; fileRef = 9A2D160423CE451B00C4C417 /* NetworkMenu.swift */; };
		9A2D160723CE462400C4C417 /* NetworkReader.swift in Sources */ = {isa = PBXBuildFile; fileRef = 9A2D160623CE462400C4C417 /* NetworkReader.swift */; };
		9A426DB822C2B5EE00C064C4 /* MacAppUpdater.swift in Sources */ = {isa = PBXBuildFile; fileRef = 9A426DB722C2B5EE00C064C4 /* MacAppUpdater.swift */; };
		9A426DBE22C2BE0000C064C4 /* Updates.storyboard in Resources */ = {isa = PBXBuildFile; fileRef = 9A426DBD22C2BE0000C064C4 /* Updates.storyboard */; };
		9A54EF67232AB81800F7DC20 /* BatteryPercentageWidget.swift in Sources */ = {isa = PBXBuildFile; fileRef = 9A54EF66232AB81800F7DC20 /* BatteryPercentageWidget.swift */; };
		9A54EF69232AB82700F7DC20 /* BatteryTimeWidget.swift in Sources */ = {isa = PBXBuildFile; fileRef = 9A54EF68232AB82700F7DC20 /* BatteryTimeWidget.swift */; };
		9A57A18522A1D26D0033E318 /* MenuBar.swift in Sources */ = {isa = PBXBuildFile; fileRef = 9A57A18422A1D26D0033E318 /* MenuBar.swift */; };
		9A59AE56231EE02F007989D6 /* ChartMarker.swift in Sources */ = {isa = PBXBuildFile; fileRef = 9A59AE55231EE02F007989D6 /* ChartMarker.swift */; };
		9A5B1CC5229E7B40008B9D3C /* Extensions.swift in Sources */ = {isa = PBXBuildFile; fileRef = 9A5B1CC4229E7B40008B9D3C /* Extensions.swift */; };
		9A606B4A2321577400642F51 /* UpdatesViewController.swift in Sources */ = {isa = PBXBuildFile; fileRef = 9A606B492321577400642F51 /* UpdatesViewController.swift */; };
		9A606B4C232157BA00642F51 /* AboutViewController.swift in Sources */ = {isa = PBXBuildFile; fileRef = 9A606B4B232157BA00642F51 /* AboutViewController.swift */; };
		9A6698E62326AB16001D00E1 /* Charts.framework in Embed Frameworks */ = {isa = PBXBuildFile; fileRef = 9A6698E32326AAE5001D00E1 /* Charts.framework */; settings = {ATTRIBUTES = (CodeSignOnCopy, RemoveHeadersOnCopy, ); }; };
		9A6698E92326AB19001D00E1 /* LaunchAtLogin.framework in Embed Frameworks */ = {isa = PBXBuildFile; fileRef = 9A6698DF2326AAD6001D00E1 /* LaunchAtLogin.framework */; settings = {ATTRIBUTES = (CodeSignOnCopy, RemoveHeadersOnCopy, ); }; };
		9A6CFC0122A1C9F5001E782D /* Assets.xcassets in Resources */ = {isa = PBXBuildFile; fileRef = 9A6CFC0022A1C9F5001E782D /* Assets.xcassets */; };
		9A74D59722B44498004FE1FA /* Mini.swift in Sources */ = {isa = PBXBuildFile; fileRef = 9A74D59622B44498004FE1FA /* Mini.swift */; };
		9A79B36A22D3BEE600BF1C3A /* Widget.swift in Sources */ = {isa = PBXBuildFile; fileRef = 9A79B36922D3BEE600BF1C3A /* Widget.swift */; };
		9AF0F31B22DA924000026AE6 /* LineChart.swift in Sources */ = {isa = PBXBuildFile; fileRef = 9AF0F31A22DA924000026AE6 /* LineChart.swift */; };
		9AF0F31D22DA925000026AE6 /* LineChartWithValue.swift in Sources */ = {isa = PBXBuildFile; fileRef = 9AF0F31C22DA925000026AE6 /* LineChartWithValue.swift */; };
		9AF0F31F22DA925700026AE6 /* BarChart.swift in Sources */ = {isa = PBXBuildFile; fileRef = 9AF0F31E22DA925700026AE6 /* BarChart.swift */; };
		9AF0F32122DA92AD00026AE6 /* NetworkDots.swift in Sources */ = {isa = PBXBuildFile; fileRef = 9AF0F32022DA92AD00026AE6 /* NetworkDots.swift */; };
		9AF0F32322DA92B900026AE6 /* NetworkArrows.swift in Sources */ = {isa = PBXBuildFile; fileRef = 9AF0F32222DA92B900026AE6 /* NetworkArrows.swift */; };
		9AF0F32522DA92C400026AE6 /* NetworkText.swift in Sources */ = {isa = PBXBuildFile; fileRef = 9AF0F32422DA92C400026AE6 /* NetworkText.swift */; };
		9AF0F32722DA92DD00026AE6 /* NetworkDotsText.swift in Sources */ = {isa = PBXBuildFile; fileRef = 9AF0F32622DA92DD00026AE6 /* NetworkDotsText.swift */; };
		9AF0F32922DA92E800026AE6 /* NetworkArrowsText.swift in Sources */ = {isa = PBXBuildFile; fileRef = 9AF0F32822DA92E800026AE6 /* NetworkArrowsText.swift */; };
		9AF6F1FE231D732600B8E1E4 /* PopupViewController.swift in Sources */ = {isa = PBXBuildFile; fileRef = 9AF6F1FD231D732600B8E1E4 /* PopupViewController.swift */; };
		9AFFCB3B22B3FD0500B0E6D8 /* About.storyboard in Resources */ = {isa = PBXBuildFile; fileRef = 9AFFCB3A22B3FD0500B0E6D8 /* About.storyboard */; };
/* End PBXBuildFile section */

/* Begin PBXCopyFilesBuildPhase section */
		9A6698E72326AB16001D00E1 /* Embed Frameworks */ = {
			isa = PBXCopyFilesBuildPhase;
			buildActionMask = 2147483647;
			dstPath = "";
			dstSubfolderSpec = 10;
			files = (
				9A6698E92326AB19001D00E1 /* LaunchAtLogin.framework in Embed Frameworks */,
				9A6698E62326AB16001D00E1 /* Charts.framework in Embed Frameworks */,
			);
			name = "Embed Frameworks";
			runOnlyForDeploymentPostprocessing = 0;
		};
		9AB54DAE22A19F96006192E0 /* Copy Files */ = {
			isa = PBXCopyFilesBuildPhase;
			buildActionMask = 2147483647;
			dstPath = Contents/Library/LoginItems;
			dstSubfolderSpec = 1;
			files = (
			);
			name = "Copy Files";
			runOnlyForDeploymentPostprocessing = 0;
		};
/* End PBXCopyFilesBuildPhase section */

/* Begin PBXFileReference section */
		9A09C8A122B3D94D0018426F /* BatteryWidget.swift */ = {isa = PBXFileReference; lastKnownFileType = sourcecode.swift; path = BatteryWidget.swift; sourceTree = "<group>"; };
		9A1410F5229E721100D29793 /* Stats.app */ = {isa = PBXFileReference; explicitFileType = wrapper.application; includeInIndex = 0; path = Stats.app; sourceTree = BUILT_PRODUCTS_DIR; };
		9A1410F8229E721100D29793 /* AppDelegate.swift */ = {isa = PBXFileReference; lastKnownFileType = sourcecode.swift; path = AppDelegate.swift; sourceTree = "<group>"; };
		9A1410FF229E721200D29793 /* Base */ = {isa = PBXFileReference; lastKnownFileType = file.storyboard; name = Base; path = Base.lproj/Main.storyboard; sourceTree = "<group>"; };
		9A141101229E721200D29793 /* Info.plist */ = {isa = PBXFileReference; lastKnownFileType = text.plist.xml; path = Info.plist; sourceTree = "<group>"; };
		9A141102229E721200D29793 /* Stats.entitlements */ = {isa = PBXFileReference; lastKnownFileType = text.plist.entitlements; path = Stats.entitlements; sourceTree = "<group>"; };
		9A2D15CC23C77A7700C4C417 /* Repeat.framework */ = {isa = PBXFileReference; lastKnownFileType = wrapper.framework; name = Repeat.framework; path = Carthage/Build/Mac/Repeat.framework; sourceTree = "<group>"; };
		9A2D15CF23C77BA300C4C417 /* Repeater.swift */ = {isa = PBXFileReference; lastKnownFileType = sourcecode.swift; path = Repeater.swift; sourceTree = "<group>"; };
		9A2D15D123CCEC7600C4C417 /* Module.swift */ = {isa = PBXFileReference; lastKnownFileType = sourcecode.swift; path = Module.swift; sourceTree = "<group>"; };
		9A2D15D423CCEFF700C4C417 /* CPU.swift */ = {isa = PBXFileReference; lastKnownFileType = sourcecode.swift; path = CPU.swift; sourceTree = "<group>"; };
		9A2D15D623CCFE1B00C4C417 /* CPULoadReader.swift */ = {isa = PBXFileReference; lastKnownFileType = sourcecode.swift; path = CPULoadReader.swift; sourceTree = "<group>"; };
		9A2D15D823CD036400C4C417 /* CPUMenu.swift */ = {isa = PBXFileReference; lastKnownFileType = sourcecode.swift; path = CPUMenu.swift; sourceTree = "<group>"; };
		9A2D15DA23CD0B2100C4C417 /* CPUPopup.swift */ = {isa = PBXFileReference; lastKnownFileType = sourcecode.swift; path = CPUPopup.swift; sourceTree = "<group>"; };
		9A2D15E023CD133300C4C417 /* CPUUsageReader.swift */ = {isa = PBXFileReference; lastKnownFileType = sourcecode.swift; path = CPUUsageReader.swift; sourceTree = "<group>"; };
		9A2D15E223CD1E4B00C4C417 /* CPUProcessReader.swift */ = {isa = PBXFileReference; lastKnownFileType = sourcecode.swift; path = CPUProcessReader.swift; sourceTree = "<group>"; };
		9A2D15E523CE291600C4C417 /* RAM.swift */ = {isa = PBXFileReference; lastKnownFileType = sourcecode.swift; path = RAM.swift; sourceTree = "<group>"; };
		9A2D15E723CE29A400C4C417 /* RAMMenu.swift */ = {isa = PBXFileReference; lastKnownFileType = sourcecode.swift; path = RAMMenu.swift; sourceTree = "<group>"; };
		9A2D15E923CE2C1100C4C417 /* RAMPopup.swift */ = {isa = PBXFileReference; lastKnownFileType = sourcecode.swift; path = RAMPopup.swift; sourceTree = "<group>"; };
		9A2D15ED23CE2EE200C4C417 /* RAMUsageReader.swift */ = {isa = PBXFileReference; lastKnownFileType = sourcecode.swift; path = RAMUsageReader.swift; sourceTree = "<group>"; };
		9A2D15EF23CE32D500C4C417 /* RAMProcessReader.swift */ = {isa = PBXFileReference; lastKnownFileType = sourcecode.swift; path = RAMProcessReader.swift; sourceTree = "<group>"; };
		9A2D15F223CE391300C4C417 /* Disk.swift */ = {isa = PBXFileReference; lastKnownFileType = sourcecode.swift; path = Disk.swift; sourceTree = "<group>"; };
		9A2D15F423CE393A00C4C417 /* DiskMenu.swift */ = {isa = PBXFileReference; lastKnownFileType = sourcecode.swift; path = DiskMenu.swift; sourceTree = "<group>"; };
		9A2D15F623CE3A1200C4C417 /* DiskCapacityReader.swift */ = {isa = PBXFileReference; lastKnownFileType = sourcecode.swift; path = DiskCapacityReader.swift; sourceTree = "<group>"; };
		9A2D15F923CE3BE600C4C417 /* Battery.swift */ = {isa = PBXFileReference; lastKnownFileType = sourcecode.swift; path = Battery.swift; sourceTree = "<group>"; };
		9A2D15FB23CE3C1A00C4C417 /* BatteryMenu.swift */ = {isa = PBXFileReference; lastKnownFileType = sourcecode.swift; path = BatteryMenu.swift; sourceTree = "<group>"; };
		9A2D15FD23CE3DE300C4C417 /* BatteryReader.swift */ = {isa = PBXFileReference; lastKnownFileType = sourcecode.swift; path = BatteryReader.swift; sourceTree = "<group>"; };
		9A2D15FF23CE40DE00C4C417 /* BatteryPopup.swift */ = {isa = PBXFileReference; lastKnownFileType = sourcecode.swift; path = BatteryPopup.swift; sourceTree = "<group>"; };
		9A2D160223CE445900C4C417 /* Network.swift */ = {isa = PBXFileReference; lastKnownFileType = sourcecode.swift; path = Network.swift; sourceTree = "<group>"; };
		9A2D160423CE451B00C4C417 /* NetworkMenu.swift */ = {isa = PBXFileReference; lastKnownFileType = sourcecode.swift; path = NetworkMenu.swift; sourceTree = "<group>"; };
		9A2D160623CE462400C4C417 /* NetworkReader.swift */ = {isa = PBXFileReference; lastKnownFileType = sourcecode.swift; path = NetworkReader.swift; sourceTree = "<group>"; };
		9A426DB722C2B5EE00C064C4 /* MacAppUpdater.swift */ = {isa = PBXFileReference; fileEncoding = 4; lastKnownFileType = sourcecode.swift; path = MacAppUpdater.swift; sourceTree = "<group>"; };
		9A426DBD22C2BE0000C064C4 /* Updates.storyboard */ = {isa = PBXFileReference; lastKnownFileType = file.storyboard; path = Updates.storyboard; sourceTree = "<group>"; };
		9A54EF66232AB81800F7DC20 /* BatteryPercentageWidget.swift */ = {isa = PBXFileReference; lastKnownFileType = sourcecode.swift; path = BatteryPercentageWidget.swift; sourceTree = "<group>"; };
		9A54EF68232AB82700F7DC20 /* BatteryTimeWidget.swift */ = {isa = PBXFileReference; lastKnownFileType = sourcecode.swift; path = BatteryTimeWidget.swift; sourceTree = "<group>"; };
		9A57A18422A1D26D0033E318 /* MenuBar.swift */ = {isa = PBXFileReference; lastKnownFileType = sourcecode.swift; path = MenuBar.swift; sourceTree = "<group>"; };
		9A59AE55231EE02F007989D6 /* ChartMarker.swift */ = {isa = PBXFileReference; lastKnownFileType = sourcecode.swift; path = ChartMarker.swift; sourceTree = "<group>"; };
		9A5B1CC4229E7B40008B9D3C /* Extensions.swift */ = {isa = PBXFileReference; lastKnownFileType = sourcecode.swift; path = Extensions.swift; sourceTree = "<group>"; };
		9A606B492321577400642F51 /* UpdatesViewController.swift */ = {isa = PBXFileReference; lastKnownFileType = sourcecode.swift; path = UpdatesViewController.swift; sourceTree = "<group>"; };
		9A606B4B232157BA00642F51 /* AboutViewController.swift */ = {isa = PBXFileReference; lastKnownFileType = sourcecode.swift; path = AboutViewController.swift; sourceTree = "<group>"; };
		9A6698DF2326AAD6001D00E1 /* LaunchAtLogin.framework */ = {isa = PBXFileReference; lastKnownFileType = wrapper.framework; name = LaunchAtLogin.framework; path = Carthage/Build/Mac/LaunchAtLogin.framework; sourceTree = "<group>"; };
		9A6698E32326AAE5001D00E1 /* Charts.framework */ = {isa = PBXFileReference; lastKnownFileType = wrapper.framework; name = Charts.framework; path = Carthage/Build/Mac/Charts.framework; sourceTree = "<group>"; };
		9A6CFC0022A1C9F5001E782D /* Assets.xcassets */ = {isa = PBXFileReference; lastKnownFileType = folder.assetcatalog; path = Assets.xcassets; sourceTree = "<group>"; };
		9A74D59622B44498004FE1FA /* Mini.swift */ = {isa = PBXFileReference; lastKnownFileType = sourcecode.swift; path = Mini.swift; sourceTree = "<group>"; };
		9A79B36922D3BEE600BF1C3A /* Widget.swift */ = {isa = PBXFileReference; lastKnownFileType = sourcecode.swift; path = Widget.swift; sourceTree = "<group>"; };
		9A998CD722A199920087ADE7 /* Cocoa.framework */ = {isa = PBXFileReference; lastKnownFileType = wrapper.framework; name = Cocoa.framework; path = System/Library/Frameworks/Cocoa.framework; sourceTree = SDKROOT; };
		9A998CD922A199970087ADE7 /* ServiceManagement.framework */ = {isa = PBXFileReference; lastKnownFileType = wrapper.framework; name = ServiceManagement.framework; path = System/Library/Frameworks/ServiceManagement.framework; sourceTree = SDKROOT; };
		9AF0F31A22DA924000026AE6 /* LineChart.swift */ = {isa = PBXFileReference; lastKnownFileType = sourcecode.swift; path = LineChart.swift; sourceTree = "<group>"; };
		9AF0F31C22DA925000026AE6 /* LineChartWithValue.swift */ = {isa = PBXFileReference; lastKnownFileType = sourcecode.swift; path = LineChartWithValue.swift; sourceTree = "<group>"; };
		9AF0F31E22DA925700026AE6 /* BarChart.swift */ = {isa = PBXFileReference; lastKnownFileType = sourcecode.swift; path = BarChart.swift; sourceTree = "<group>"; };
		9AF0F32022DA92AD00026AE6 /* NetworkDots.swift */ = {isa = PBXFileReference; lastKnownFileType = sourcecode.swift; path = NetworkDots.swift; sourceTree = "<group>"; };
		9AF0F32222DA92B900026AE6 /* NetworkArrows.swift */ = {isa = PBXFileReference; lastKnownFileType = sourcecode.swift; path = NetworkArrows.swift; sourceTree = "<group>"; };
		9AF0F32422DA92C400026AE6 /* NetworkText.swift */ = {isa = PBXFileReference; lastKnownFileType = sourcecode.swift; path = NetworkText.swift; sourceTree = "<group>"; };
		9AF0F32622DA92DD00026AE6 /* NetworkDotsText.swift */ = {isa = PBXFileReference; lastKnownFileType = sourcecode.swift; path = NetworkDotsText.swift; sourceTree = "<group>"; };
		9AF0F32822DA92E800026AE6 /* NetworkArrowsText.swift */ = {isa = PBXFileReference; lastKnownFileType = sourcecode.swift; path = NetworkArrowsText.swift; sourceTree = "<group>"; };
		9AF6F1FD231D732600B8E1E4 /* PopupViewController.swift */ = {isa = PBXFileReference; lastKnownFileType = sourcecode.swift; path = PopupViewController.swift; sourceTree = "<group>"; };
		9AFFCB3A22B3FD0500B0E6D8 /* About.storyboard */ = {isa = PBXFileReference; lastKnownFileType = file.storyboard; path = About.storyboard; sourceTree = "<group>"; };
/* End PBXFileReference section */

/* Begin PBXFrameworksBuildPhase section */
		9A1410F2229E721100D29793 /* Frameworks */ = {
			isa = PBXFrameworksBuildPhase;
			buildActionMask = 2147483647;
			files = (
			);
			runOnlyForDeploymentPostprocessing = 0;
		};
/* End PBXFrameworksBuildPhase section */

/* Begin PBXGroup section */
		9A1410EC229E721100D29793 = {
			isa = PBXGroup;
			children = (
				9A1410F7229E721100D29793 /* Stats */,
				9A1410F6229E721100D29793 /* Products */,
				9A998CD622A199920087ADE7 /* Frameworks */,
			);
			sourceTree = "<group>";
		};
		9A1410F6229E721100D29793 /* Products */ = {
			isa = PBXGroup;
			children = (
				9A1410F5229E721100D29793 /* Stats.app */,
			);
			name = Products;
			sourceTree = "<group>";
		};
		9A1410F7229E721100D29793 /* Stats */ = {
			isa = PBXGroup;
			children = (
				9AF6F1FC231D72EC00B8E1E4 /* Views */,
				9A74D59522B440D4004FE1FA /* Widgets */,
				9A5B1CB3229E72A7008B9D3C /* Supporting Files */,
				9A5B1CBA229E7892008B9D3C /* Modules */,
				9A5B1CBD229E78D2008B9D3C /* libs */,
				9A1410F8229E721100D29793 /* AppDelegate.swift */,
				9A57A18422A1D26D0033E318 /* MenuBar.swift */,
			);
			path = Stats;
			sourceTree = "<group>";
		};
		9A2D15D323CCEFEC00C4C417 /* CPU */ = {
			isa = PBXGroup;
			children = (
				9A2D15D423CCEFF700C4C417 /* CPU.swift */,
				9A2D15D823CD036400C4C417 /* CPUMenu.swift */,
				9A2D15DA23CD0B2100C4C417 /* CPUPopup.swift */,
				9A2D15D623CCFE1B00C4C417 /* CPULoadReader.swift */,
				9A2D15E023CD133300C4C417 /* CPUUsageReader.swift */,
				9A2D15E223CD1E4B00C4C417 /* CPUProcessReader.swift */,
			);
			path = CPU;
			sourceTree = "<group>";
		};
		9A2D15E423CE290400C4C417 /* RAM */ = {
			isa = PBXGroup;
			children = (
				9A2D15E523CE291600C4C417 /* RAM.swift */,
				9A2D15E723CE29A400C4C417 /* RAMMenu.swift */,
				9A2D15E923CE2C1100C4C417 /* RAMPopup.swift */,
				9A2D15ED23CE2EE200C4C417 /* RAMUsageReader.swift */,
				9A2D15EF23CE32D500C4C417 /* RAMProcessReader.swift */,
			);
			path = RAM;
			sourceTree = "<group>";
		};
		9A2D15F123CE390500C4C417 /* Disk */ = {
			isa = PBXGroup;
			children = (
				9A2D15F223CE391300C4C417 /* Disk.swift */,
				9A2D15F423CE393A00C4C417 /* DiskMenu.swift */,
				9A2D15F623CE3A1200C4C417 /* DiskCapacityReader.swift */,
			);
			path = Disk;
			sourceTree = "<group>";
		};
		9A2D15F823CE3BDA00C4C417 /* Battery */ = {
			isa = PBXGroup;
			children = (
				9A2D15F923CE3BE600C4C417 /* Battery.swift */,
				9A2D15FB23CE3C1A00C4C417 /* BatteryMenu.swift */,
				9A2D15FF23CE40DE00C4C417 /* BatteryPopup.swift */,
				9A2D15FD23CE3DE300C4C417 /* BatteryReader.swift */,
			);
			path = Battery;
			sourceTree = "<group>";
		};
		9A2D160123CE444D00C4C417 /* Network */ = {
			isa = PBXGroup;
			children = (
				9A2D160223CE445900C4C417 /* Network.swift */,
				9A2D160423CE451B00C4C417 /* NetworkMenu.swift */,
				9A2D160623CE462400C4C417 /* NetworkReader.swift */,
			);
			path = Network;
			sourceTree = "<group>";
		};
		9A54EF65232AB48100F7DC20 /* Battery */ = {
			isa = PBXGroup;
			children = (
				9A09C8A122B3D94D0018426F /* BatteryWidget.swift */,
				9A54EF66232AB81800F7DC20 /* BatteryPercentageWidget.swift */,
				9A54EF68232AB82700F7DC20 /* BatteryTimeWidget.swift */,
			);
			path = Battery;
			sourceTree = "<group>";
		};
		9A5B1CB3229E72A7008B9D3C /* Supporting Files */ = {
			isa = PBXGroup;
			children = (
				9A6CFC0022A1C9F5001E782D /* Assets.xcassets */,
				9A1410FE229E721200D29793 /* Main.storyboard */,
				9AFFCB3A22B3FD0500B0E6D8 /* About.storyboard */,
				9A426DBD22C2BE0000C064C4 /* Updates.storyboard */,
				9A141101229E721200D29793 /* Info.plist */,
				9A141102229E721200D29793 /* Stats.entitlements */,
			);
			path = "Supporting Files";
			sourceTree = "<group>";
		};
		9A5B1CBA229E7892008B9D3C /* Modules */ = {
			isa = PBXGroup;
			children = (
				9A2D15D323CCEFEC00C4C417 /* CPU */,
				9A2D15E423CE290400C4C417 /* RAM */,
				9A2D15F123CE390500C4C417 /* Disk */,
				9A2D15F823CE3BDA00C4C417 /* Battery */,
				9A2D160123CE444D00C4C417 /* Network */,
				9A2D15D123CCEC7600C4C417 /* Module.swift */,
			);
			path = Modules;
			sourceTree = "<group>";
		};
		9A5B1CBD229E78D2008B9D3C /* libs */ = {
			isa = PBXGroup;
			children = (
				9A5B1CC4229E7B40008B9D3C /* Extensions.swift */,
				9A426DB722C2B5EE00C064C4 /* MacAppUpdater.swift */,
				9A59AE55231EE02F007989D6 /* ChartMarker.swift */,
				9A2D15CF23C77BA300C4C417 /* Repeater.swift */,
			);
			path = libs;
			sourceTree = "<group>";
		};
		9A74D59522B440D4004FE1FA /* Widgets */ = {
			isa = PBXGroup;
			children = (
				9A54EF65232AB48100F7DC20 /* Battery */,
				9AF0F31922DA923100026AE6 /* Network */,
				9AF0F31822DA922800026AE6 /* Charts */,
				9A74D59622B44498004FE1FA /* Mini.swift */,
				9A79B36922D3BEE600BF1C3A /* Widget.swift */,
			);
			path = Widgets;
			sourceTree = "<group>";
		};
		9A998CD622A199920087ADE7 /* Frameworks */ = {
			isa = PBXGroup;
			children = (
				9A2D15CC23C77A7700C4C417 /* Repeat.framework */,
				9A6698E32326AAE5001D00E1 /* Charts.framework */,
				9A6698DF2326AAD6001D00E1 /* LaunchAtLogin.framework */,
				9A998CD922A199970087ADE7 /* ServiceManagement.framework */,
				9A998CD722A199920087ADE7 /* Cocoa.framework */,
			);
			name = Frameworks;
			sourceTree = "<group>";
		};
		9AF0F31822DA922800026AE6 /* Charts */ = {
			isa = PBXGroup;
			children = (
				9AF0F31A22DA924000026AE6 /* LineChart.swift */,
				9AF0F31C22DA925000026AE6 /* LineChartWithValue.swift */,
				9AF0F31E22DA925700026AE6 /* BarChart.swift */,
			);
			path = Charts;
			sourceTree = "<group>";
		};
		9AF0F31922DA923100026AE6 /* Network */ = {
			isa = PBXGroup;
			children = (
				9AF0F32022DA92AD00026AE6 /* NetworkDots.swift */,
				9AF0F32222DA92B900026AE6 /* NetworkArrows.swift */,
				9AF0F32422DA92C400026AE6 /* NetworkText.swift */,
				9AF0F32622DA92DD00026AE6 /* NetworkDotsText.swift */,
				9AF0F32822DA92E800026AE6 /* NetworkArrowsText.swift */,
			);
			path = Network;
			sourceTree = "<group>";
		};
		9AF6F1FC231D72EC00B8E1E4 /* Views */ = {
			isa = PBXGroup;
			children = (
				9AF6F1FD231D732600B8E1E4 /* PopupViewController.swift */,
				9A606B492321577400642F51 /* UpdatesViewController.swift */,
				9A606B4B232157BA00642F51 /* AboutViewController.swift */,
			);
			path = Views;
			sourceTree = "<group>";
		};
/* End PBXGroup section */

/* Begin PBXNativeTarget section */
		9A1410F4229E721100D29793 /* Stats */ = {
			isa = PBXNativeTarget;
			buildConfigurationList = 9A141105229E721200D29793 /* Build configuration list for PBXNativeTarget "Stats" */;
			buildPhases = (
				9A1410F1229E721100D29793 /* Sources */,
				9A1410F2229E721100D29793 /* Frameworks */,
				9A1410F3229E721100D29793 /* Resources */,
				9AB54DAE22A19F96006192E0 /* Copy Files */,
				9A6698D82326A903001D00E1 /* ShellScript */,
				9A493CE1232047F00064570C /* ShellScript */,
				9A6698E72326AB16001D00E1 /* Embed Frameworks */,
			);
			buildRules = (
			);
			dependencies = (
			);
			name = Stats;
			productName = "Mini Stats";
			productReference = 9A1410F5229E721100D29793 /* Stats.app */;
			productType = "com.apple.product-type.application";
		};
/* End PBXNativeTarget section */

/* Begin PBXProject section */
		9A1410ED229E721100D29793 /* Project object */ = {
			isa = PBXProject;
			attributes = {
				LastSwiftUpdateCheck = 1020;
				LastUpgradeCheck = 1100;
				ORGANIZATIONNAME = "Serhiy Mytrovtsiy";
				TargetAttributes = {
					9A1410F4229E721100D29793 = {
						CreatedOnToolsVersion = 10.2.1;
						LastSwiftMigration = 1030;
						SystemCapabilities = {
							com.apple.ApplicationGroups.Mac = {
								enabled = 0;
							};
							com.apple.Sandbox = {
								enabled = 0;
							};
						};
					};
				};
			};
			buildConfigurationList = 9A1410F0229E721100D29793 /* Build configuration list for PBXProject "Stats" */;
			compatibilityVersion = "Xcode 9.3";
			developmentRegion = en;
			hasScannedForEncodings = 0;
			knownRegions = (
				en,
				Base,
			);
			mainGroup = 9A1410EC229E721100D29793;
			productRefGroup = 9A1410F6229E721100D29793 /* Products */;
			projectDirPath = "";
			projectRoot = "";
			targets = (
				9A1410F4229E721100D29793 /* Stats */,
			);
		};
/* End PBXProject section */

/* Begin PBXResourcesBuildPhase section */
		9A1410F3229E721100D29793 /* Resources */ = {
			isa = PBXResourcesBuildPhase;
			buildActionMask = 2147483647;
			files = (
				9A6CFC0122A1C9F5001E782D /* Assets.xcassets in Resources */,
				9AFFCB3B22B3FD0500B0E6D8 /* About.storyboard in Resources */,
				9A141100229E721200D29793 /* Main.storyboard in Resources */,
				9A426DBE22C2BE0000C064C4 /* Updates.storyboard in Resources */,
			);
			runOnlyForDeploymentPostprocessing = 0;
		};
/* End PBXResourcesBuildPhase section */

/* Begin PBXShellScriptBuildPhase section */
		9A493CE1232047F00064570C /* ShellScript */ = {
			isa = PBXShellScriptBuildPhase;
			buildActionMask = 2147483647;
			files = (
			);
			inputFileListPaths = (
			);
			inputPaths = (
			);
			outputFileListPaths = (
			);
			outputPaths = (
			);
			runOnlyForDeploymentPostprocessing = 0;
			shellPath = /bin/sh;
			shellScript = "\"${PROJECT_DIR}/Carthage/Build/Mac/LaunchAtLogin.framework/Resources/copy-helper.sh\"\n";
		};
		9A6698D82326A903001D00E1 /* ShellScript */ = {
			isa = PBXShellScriptBuildPhase;
			buildActionMask = 8;
			files = (
			);
			inputFileListPaths = (
			);
			inputPaths = (
				"$(SRCROOT)/Carthage/Build/Mac/LaunchAtLogin.framework",
				"$(SRCROOT)/Carthage/Build/Mac/Charts.framework",
			);
			outputFileListPaths = (
			);
			outputPaths = (
			);
			runOnlyForDeploymentPostprocessing = 1;
			shellPath = /bin/sh;
			shellScript = "/usr/local/bin/carthage copy-frameworks\n";
		};
/* End PBXShellScriptBuildPhase section */

/* Begin PBXSourcesBuildPhase section */
		9A1410F1229E721100D29793 /* Sources */ = {
			isa = PBXSourcesBuildPhase;
			buildActionMask = 2147483647;
			files = (
				9A2D15E623CE291600C4C417 /* RAM.swift in Sources */,
				9A09C8A222B3D94D0018426F /* BatteryWidget.swift in Sources */,
				9A426DB822C2B5EE00C064C4 /* MacAppUpdater.swift in Sources */,
				9A606B4C232157BA00642F51 /* AboutViewController.swift in Sources */,
				9AF0F32522DA92C400026AE6 /* NetworkText.swift in Sources */,
				9AF0F32322DA92B900026AE6 /* NetworkArrows.swift in Sources */,
				9A2D15D223CCEC7600C4C417 /* Module.swift in Sources */,
				9A2D160023CE40DE00C4C417 /* BatteryPopup.swift in Sources */,
				9A2D15FC23CE3C1A00C4C417 /* BatteryMenu.swift in Sources */,
				9A606B4A2321577400642F51 /* UpdatesViewController.swift in Sources */,
				9AF0F31D22DA925000026AE6 /* LineChartWithValue.swift in Sources */,
				9A2D160723CE462400C4C417 /* NetworkReader.swift in Sources */,
				9A2D15FA23CE3BE600C4C417 /* Battery.swift in Sources */,
				9A54EF67232AB81800F7DC20 /* BatteryPercentageWidget.swift in Sources */,
				9A57A18522A1D26D0033E318 /* MenuBar.swift in Sources */,
				9A2D15D923CD036400C4C417 /* CPUMenu.swift in Sources */,
				9AF6F1FE231D732600B8E1E4 /* PopupViewController.swift in Sources */,
				9A2D15D023C77BA300C4C417 /* Repeater.swift in Sources */,
				9A1410F9229E721100D29793 /* AppDelegate.swift in Sources */,
				9A2D15E823CE29A400C4C417 /* RAMMenu.swift in Sources */,
				9A2D15DB23CD0B2100C4C417 /* CPUPopup.swift in Sources */,
				9A2D160523CE451B00C4C417 /* NetworkMenu.swift in Sources */,
				9AF0F32722DA92DD00026AE6 /* NetworkDotsText.swift in Sources */,
				9AF0F32922DA92E800026AE6 /* NetworkArrowsText.swift in Sources */,
				9A54EF69232AB82700F7DC20 /* BatteryTimeWidget.swift in Sources */,
				9A2D15D723CCFE1B00C4C417 /* CPULoadReader.swift in Sources */,
				9A2D15F323CE391300C4C417 /* Disk.swift in Sources */,
				9A2D15F723CE3A1200C4C417 /* DiskCapacityReader.swift in Sources */,
				9A2D160323CE445900C4C417 /* Network.swift in Sources */,
				9A2D15F023CE32D500C4C417 /* RAMProcessReader.swift in Sources */,
				9AF0F31F22DA925700026AE6 /* BarChart.swift in Sources */,
				9A2D15EE23CE2EE200C4C417 /* RAMUsageReader.swift in Sources */,
				9AF0F31B22DA924000026AE6 /* LineChart.swift in Sources */,
				9A59AE56231EE02F007989D6 /* ChartMarker.swift in Sources */,
				9A74D59722B44498004FE1FA /* Mini.swift in Sources */,
				9A5B1CC5229E7B40008B9D3C /* Extensions.swift in Sources */,
				9A2D15E123CD133300C4C417 /* CPUUsageReader.swift in Sources */,
				9A2D15D523CCEFF700C4C417 /* CPU.swift in Sources */,
				9A2D15E323CD1E4B00C4C417 /* CPUProcessReader.swift in Sources */,
				9A2D15EA23CE2C1100C4C417 /* RAMPopup.swift in Sources */,
				9A2D15FE23CE3DE300C4C417 /* BatteryReader.swift in Sources */,
				9A2D15F523CE393A00C4C417 /* DiskMenu.swift in Sources */,
				9A79B36A22D3BEE600BF1C3A /* Widget.swift in Sources */,
				9AF0F32122DA92AD00026AE6 /* NetworkDots.swift in Sources */,
			);
			runOnlyForDeploymentPostprocessing = 0;
		};
/* End PBXSourcesBuildPhase section */

/* Begin PBXVariantGroup section */
		9A1410FE229E721200D29793 /* Main.storyboard */ = {
			isa = PBXVariantGroup;
			children = (
				9A1410FF229E721200D29793 /* Base */,
			);
			name = Main.storyboard;
			sourceTree = "<group>";
		};
/* End PBXVariantGroup section */

/* Begin XCBuildConfiguration section */
		9A141103229E721200D29793 /* Debug */ = {
			isa = XCBuildConfiguration;
			buildSettings = {
				ALWAYS_SEARCH_USER_PATHS = NO;
				CLANG_ANALYZER_NONNULL = YES;
				CLANG_ANALYZER_NUMBER_OBJECT_CONVERSION = YES_AGGRESSIVE;
				CLANG_CXX_LANGUAGE_STANDARD = "gnu++14";
				CLANG_CXX_LIBRARY = "libc++";
				CLANG_ENABLE_MODULES = YES;
				CLANG_ENABLE_OBJC_ARC = YES;
				CLANG_ENABLE_OBJC_WEAK = YES;
				CLANG_WARN_BLOCK_CAPTURE_AUTORELEASING = YES;
				CLANG_WARN_BOOL_CONVERSION = YES;
				CLANG_WARN_COMMA = YES;
				CLANG_WARN_CONSTANT_CONVERSION = YES;
				CLANG_WARN_DEPRECATED_OBJC_IMPLEMENTATIONS = YES;
				CLANG_WARN_DIRECT_OBJC_ISA_USAGE = YES_ERROR;
				CLANG_WARN_DOCUMENTATION_COMMENTS = YES;
				CLANG_WARN_EMPTY_BODY = YES;
				CLANG_WARN_ENUM_CONVERSION = YES;
				CLANG_WARN_INFINITE_RECURSION = YES;
				CLANG_WARN_INT_CONVERSION = YES;
				CLANG_WARN_NON_LITERAL_NULL_CONVERSION = YES;
				CLANG_WARN_OBJC_IMPLICIT_RETAIN_SELF = YES;
				CLANG_WARN_OBJC_LITERAL_CONVERSION = YES;
				CLANG_WARN_OBJC_ROOT_CLASS = YES_ERROR;
				CLANG_WARN_RANGE_LOOP_ANALYSIS = YES;
				CLANG_WARN_STRICT_PROTOTYPES = YES;
				CLANG_WARN_SUSPICIOUS_MOVE = YES;
				CLANG_WARN_UNGUARDED_AVAILABILITY = YES_AGGRESSIVE;
				CLANG_WARN_UNREACHABLE_CODE = YES;
				CLANG_WARN__DUPLICATE_METHOD_MATCH = YES;
				CODE_SIGN_IDENTITY = "Mac Developer";
				COPY_PHASE_STRIP = NO;
				DEBUG_INFORMATION_FORMAT = dwarf;
				ENABLE_STRICT_OBJC_MSGSEND = YES;
				ENABLE_TESTABILITY = YES;
				GCC_C_LANGUAGE_STANDARD = gnu11;
				GCC_DYNAMIC_NO_PIC = NO;
				GCC_NO_COMMON_BLOCKS = YES;
				GCC_OPTIMIZATION_LEVEL = 0;
				GCC_PREPROCESSOR_DEFINITIONS = (
					"DEBUG=1",
					"$(inherited)",
				);
				GCC_WARN_64_TO_32_BIT_CONVERSION = YES;
				GCC_WARN_ABOUT_RETURN_TYPE = YES_ERROR;
				GCC_WARN_UNDECLARED_SELECTOR = YES;
				GCC_WARN_UNINITIALIZED_AUTOS = YES_AGGRESSIVE;
				GCC_WARN_UNUSED_FUNCTION = YES;
				GCC_WARN_UNUSED_VARIABLE = YES;
				MACOSX_DEPLOYMENT_TARGET = 10.13;
				MTL_ENABLE_DEBUG_INFO = INCLUDE_SOURCE;
				MTL_FAST_MATH = YES;
				ONLY_ACTIVE_ARCH = YES;
				SDKROOT = macosx;
				SWIFT_ACTIVE_COMPILATION_CONDITIONS = DEBUG;
				SWIFT_OPTIMIZATION_LEVEL = "-Onone";
			};
			name = Debug;
		};
		9A141104229E721200D29793 /* Release */ = {
			isa = XCBuildConfiguration;
			buildSettings = {
				ALWAYS_SEARCH_USER_PATHS = NO;
				CLANG_ANALYZER_NONNULL = YES;
				CLANG_ANALYZER_NUMBER_OBJECT_CONVERSION = YES_AGGRESSIVE;
				CLANG_CXX_LANGUAGE_STANDARD = "gnu++14";
				CLANG_CXX_LIBRARY = "libc++";
				CLANG_ENABLE_MODULES = YES;
				CLANG_ENABLE_OBJC_ARC = YES;
				CLANG_ENABLE_OBJC_WEAK = YES;
				CLANG_WARN_BLOCK_CAPTURE_AUTORELEASING = YES;
				CLANG_WARN_BOOL_CONVERSION = YES;
				CLANG_WARN_COMMA = YES;
				CLANG_WARN_CONSTANT_CONVERSION = YES;
				CLANG_WARN_DEPRECATED_OBJC_IMPLEMENTATIONS = YES;
				CLANG_WARN_DIRECT_OBJC_ISA_USAGE = YES_ERROR;
				CLANG_WARN_DOCUMENTATION_COMMENTS = YES;
				CLANG_WARN_EMPTY_BODY = YES;
				CLANG_WARN_ENUM_CONVERSION = YES;
				CLANG_WARN_INFINITE_RECURSION = YES;
				CLANG_WARN_INT_CONVERSION = YES;
				CLANG_WARN_NON_LITERAL_NULL_CONVERSION = YES;
				CLANG_WARN_OBJC_IMPLICIT_RETAIN_SELF = YES;
				CLANG_WARN_OBJC_LITERAL_CONVERSION = YES;
				CLANG_WARN_OBJC_ROOT_CLASS = YES_ERROR;
				CLANG_WARN_RANGE_LOOP_ANALYSIS = YES;
				CLANG_WARN_STRICT_PROTOTYPES = YES;
				CLANG_WARN_SUSPICIOUS_MOVE = YES;
				CLANG_WARN_UNGUARDED_AVAILABILITY = YES_AGGRESSIVE;
				CLANG_WARN_UNREACHABLE_CODE = YES;
				CLANG_WARN__DUPLICATE_METHOD_MATCH = YES;
				CODE_SIGN_IDENTITY = "Mac Developer";
				COPY_PHASE_STRIP = NO;
				DEBUG_INFORMATION_FORMAT = "dwarf-with-dsym";
				ENABLE_NS_ASSERTIONS = NO;
				ENABLE_STRICT_OBJC_MSGSEND = YES;
				GCC_C_LANGUAGE_STANDARD = gnu11;
				GCC_NO_COMMON_BLOCKS = YES;
				GCC_WARN_64_TO_32_BIT_CONVERSION = YES;
				GCC_WARN_ABOUT_RETURN_TYPE = YES_ERROR;
				GCC_WARN_UNDECLARED_SELECTOR = YES;
				GCC_WARN_UNINITIALIZED_AUTOS = YES_AGGRESSIVE;
				GCC_WARN_UNUSED_FUNCTION = YES;
				GCC_WARN_UNUSED_VARIABLE = YES;
				MACOSX_DEPLOYMENT_TARGET = 10.13;
				MTL_ENABLE_DEBUG_INFO = NO;
				MTL_FAST_MATH = YES;
				SDKROOT = macosx;
				SWIFT_COMPILATION_MODE = wholemodule;
				SWIFT_OPTIMIZATION_LEVEL = "-O";
			};
			name = Release;
		};
		9A141106229E721200D29793 /* Debug */ = {
			isa = XCBuildConfiguration;
			buildSettings = {
				ASSETCATALOG_COMPILER_APPICON_NAME = AppIcon;
				CODE_SIGN_ENTITLEMENTS = "Stats/Supporting Files/Stats.entitlements";
				CODE_SIGN_IDENTITY = "Mac Developer";
				CODE_SIGN_STYLE = Automatic;
				COMBINE_HIDPI_IMAGES = YES;
				DEVELOPMENT_TEAM = RP2S87B72W;
				ENABLE_HARDENED_RUNTIME = YES;
				FRAMEWORK_SEARCH_PATHS = (
					"$(inherited)",
					"$(PROJECT_DIR)",
					"$(PROJECT_DIR)/Carthage/Build/Mac",
				);
				INFOPLIST_FILE = "$(SRCROOT)/Stats/Supporting Files/Info.plist";
				LD_RUNPATH_SEARCH_PATHS = (
					"$(inherited)",
					"@executable_path/../Frameworks",
				);
				MACOSX_DEPLOYMENT_TARGET = 10.13;
				MARKETING_VERSION = 1.5.0;
				PRODUCT_BUNDLE_IDENTIFIER = eu.exelban.Stats;
				PRODUCT_NAME = "$(TARGET_NAME)";
				PROVISIONING_PROFILE_SPECIFIER = "";
				SWIFT_VERSION = 5.0;
			};
			name = Debug;
		};
		9A141107229E721200D29793 /* Release */ = {
			isa = XCBuildConfiguration;
			buildSettings = {
				ASSETCATALOG_COMPILER_APPICON_NAME = AppIcon;
				CODE_SIGN_ENTITLEMENTS = "Stats/Supporting Files/Stats.entitlements";
				CODE_SIGN_IDENTITY = "Mac Developer";
				CODE_SIGN_STYLE = Automatic;
				COMBINE_HIDPI_IMAGES = YES;
				DEVELOPMENT_TEAM = RP2S87B72W;
				ENABLE_HARDENED_RUNTIME = YES;
				FRAMEWORK_SEARCH_PATHS = (
					"$(inherited)",
					"$(PROJECT_DIR)",
					"$(PROJECT_DIR)/Carthage/Build/Mac",
				);
				INFOPLIST_FILE = "$(SRCROOT)/Stats/Supporting Files/Info.plist";
				LD_RUNPATH_SEARCH_PATHS = (
					"$(inherited)",
					"@executable_path/../Frameworks",
				);
				MACOSX_DEPLOYMENT_TARGET = 10.13;
				MARKETING_VERSION = 1.5.0;
				PRODUCT_BUNDLE_IDENTIFIER = eu.exelban.Stats;
				PRODUCT_NAME = "$(TARGET_NAME)";
				PROVISIONING_PROFILE_SPECIFIER = "";
				SWIFT_VERSION = 5.0;
			};
			name = Release;
		};
/* End XCBuildConfiguration section */

/* Begin XCConfigurationList section */
		9A1410F0229E721100D29793 /* Build configuration list for PBXProject "Stats" */ = {
			isa = XCConfigurationList;
			buildConfigurations = (
				9A141103229E721200D29793 /* Debug */,
				9A141104229E721200D29793 /* Release */,
			);
			defaultConfigurationIsVisible = 0;
			defaultConfigurationName = Release;
		};
		9A141105229E721200D29793 /* Build configuration list for PBXNativeTarget "Stats" */ = {
			isa = XCConfigurationList;
			buildConfigurations = (
				9A141106229E721200D29793 /* Debug */,
				9A141107229E721200D29793 /* Release */,
			);
			defaultConfigurationIsVisible = 0;
			defaultConfigurationName = Release;
		};
/* End XCConfigurationList section */
	};
	rootObject = 9A1410ED229E721100D29793 /* Project object */;
}
